// !$*UTF8*$!
{
	archiveVersion = 1;
	classes = {
	};
	objectVersion = 56;
	objects = {

/* Begin PBXBuildFile section */
		DCB3F5C22B65CDB900A0150D /* SpotShield2App.swift in Sources */ = {isa = PBXBuildFile; fileRef = DCB3F5C12B65CDB900A0150D /* SpotShield2App.swift */; };
		DCB3F5C42B65CDB900A0150D /* ContentView.swift in Sources */ = {isa = PBXBuildFile; fileRef = DCB3F5C32B65CDB900A0150D /* ContentView.swift */; };
		DCB3F5C62B65CDBA00A0150D /* Assets.xcassets in Resources */ = {isa = PBXBuildFile; fileRef = DCB3F5C52B65CDBA00A0150D /* Assets.xcassets */; };
		DCB3F5CA2B65CDBA00A0150D /* Preview Assets.xcassets in Resources */ = {isa = PBXBuildFile; fileRef = DCB3F5C92B65CDBA00A0150D /* Preview Assets.xcassets */; };
		DCB3F5D42B65CDBA00A0150D /* SpotShield2Tests.swift in Sources */ = {isa = PBXBuildFile; fileRef = DCB3F5D32B65CDBA00A0150D /* SpotShield2Tests.swift */; };
		DCB3F5DE2B65CDBA00A0150D /* SpotShield2UITests.swift in Sources */ = {isa = PBXBuildFile; fileRef = DCB3F5DD2B65CDBA00A0150D /* SpotShield2UITests.swift */; };
		DCB3F5E02B65CDBA00A0150D /* SpotShield2UITestsLaunchTests.swift in Sources */ = {isa = PBXBuildFile; fileRef = DCB3F5DF2B65CDBA00A0150D /* SpotShield2UITestsLaunchTests.swift */; };
/* End PBXBuildFile section */

/* Begin PBXContainerItemProxy section */
		DCB3F5D02B65CDBA00A0150D /* PBXContainerItemProxy */ = {
			isa = PBXContainerItemProxy;
			containerPortal = DCB3F5B62B65CDB900A0150D /* Project object */;
			proxyType = 1;
			remoteGlobalIDString = DCB3F5BD2B65CDB900A0150D;
			remoteInfo = SpotShield2;
		};
		DCB3F5DA2B65CDBA00A0150D /* PBXContainerItemProxy */ = {
			isa = PBXContainerItemProxy;
			containerPortal = DCB3F5B62B65CDB900A0150D /* Project object */;
			proxyType = 1;
			remoteGlobalIDString = DCB3F5BD2B65CDB900A0150D;
			remoteInfo = SpotShield2;
		};
/* End PBXContainerItemProxy section */

/* Begin PBXFileReference section */
		DCB3F5BE2B65CDB900A0150D /* SpotShield2.app */ = {isa = PBXFileReference; explicitFileType = wrapper.application; includeInIndex = 0; path = SpotShield2.app; sourceTree = BUILT_PRODUCTS_DIR; };
		DCB3F5C12B65CDB900A0150D /* SpotShield2App.swift */ = {isa = PBXFileReference; lastKnownFileType = sourcecode.swift; path = SpotShield2App.swift; sourceTree = "<group>"; };
		DCB3F5C32B65CDB900A0150D /* ContentView.swift */ = {isa = PBXFileReference; lastKnownFileType = sourcecode.swift; path = ContentView.swift; sourceTree = "<group>"; };
		DCB3F5C52B65CDBA00A0150D /* Assets.xcassets */ = {isa = PBXFileReference; lastKnownFileType = folder.assetcatalog; path = Assets.xcassets; sourceTree = "<group>"; };
		DCB3F5C72B65CDBA00A0150D /* SpotShield2.entitlements */ = {isa = PBXFileReference; lastKnownFileType = text.plist.entitlements; path = SpotShield2.entitlements; sourceTree = "<group>"; };
		DCB3F5C92B65CDBA00A0150D /* Preview Assets.xcassets */ = {isa = PBXFileReference; lastKnownFileType = folder.assetcatalog; path = "Preview Assets.xcassets"; sourceTree = "<group>"; };
		DCB3F5CF2B65CDBA00A0150D /* SpotShield2Tests.xctest */ = {isa = PBXFileReference; explicitFileType = wrapper.cfbundle; includeInIndex = 0; path = SpotShield2Tests.xctest; sourceTree = BUILT_PRODUCTS_DIR; };
		DCB3F5D32B65CDBA00A0150D /* SpotShield2Tests.swift */ = {isa = PBXFileReference; lastKnownFileType = sourcecode.swift; path = SpotShield2Tests.swift; sourceTree = "<group>"; };
		DCB3F5D92B65CDBA00A0150D /* SpotShield2UITests.xctest */ = {isa = PBXFileReference; explicitFileType = wrapper.cfbundle; includeInIndex = 0; path = SpotShield2UITests.xctest; sourceTree = BUILT_PRODUCTS_DIR; };
		DCB3F5DD2B65CDBA00A0150D /* SpotShield2UITests.swift */ = {isa = PBXFileReference; lastKnownFileType = sourcecode.swift; path = SpotShield2UITests.swift; sourceTree = "<group>"; };
		DCB3F5DF2B65CDBA00A0150D /* SpotShield2UITestsLaunchTests.swift */ = {isa = PBXFileReference; lastKnownFileType = sourcecode.swift; path = SpotShield2UITestsLaunchTests.swift; sourceTree = "<group>"; };
/* End PBXFileReference section */

/* Begin PBXFrameworksBuildPhase section */
		DCB3F5BB2B65CDB900A0150D /* Frameworks */ = {
			isa = PBXFrameworksBuildPhase;
			buildActionMask = 2147483647;
			files = (
			);
			runOnlyForDeploymentPostprocessing = 0;
		};
		DCB3F5CC2B65CDBA00A0150D /* Frameworks */ = {
			isa = PBXFrameworksBuildPhase;
			buildActionMask = 2147483647;
			files = (
			);
			runOnlyForDeploymentPostprocessing = 0;
		};
		DCB3F5D62B65CDBA00A0150D /* Frameworks */ = {
			isa = PBXFrameworksBuildPhase;
			buildActionMask = 2147483647;
			files = (
			);
			runOnlyForDeploymentPostprocessing = 0;
		};
/* End PBXFrameworksBuildPhase section */

/* Begin PBXGroup section */
		DCB3F5B52B65CDB900A0150D = {
			isa = PBXGroup;
			children = (
				DCB3F5C02B65CDB900A0150D /* SpotShield2 */,
				DCB3F5D22B65CDBA00A0150D /* SpotShield2Tests */,
				DCB3F5DC2B65CDBA00A0150D /* SpotShield2UITests */,
				DCB3F5BF2B65CDB900A0150D /* Products */,
			);
			sourceTree = "<group>";
		};
		DCB3F5BF2B65CDB900A0150D /* Products */ = {
			isa = PBXGroup;
			children = (
				DCB3F5BE2B65CDB900A0150D /* SpotShield2.app */,
				DCB3F5CF2B65CDBA00A0150D /* SpotShield2Tests.xctest */,
				DCB3F5D92B65CDBA00A0150D /* SpotShield2UITests.xctest */,
			);
			name = Products;
			sourceTree = "<group>";
		};
		DCB3F5C02B65CDB900A0150D /* SpotShield2 */ = {
			isa = PBXGroup;
			children = (
				DCB3F5C12B65CDB900A0150D /* SpotShield2App.swift */,
				DCB3F5C32B65CDB900A0150D /* ContentView.swift */,
				DCB3F5C52B65CDBA00A0150D /* Assets.xcassets */,
				DCB3F5C72B65CDBA00A0150D /* SpotShield2.entitlements */,
				DCB3F5C82B65CDBA00A0150D /* Preview Content */,
			);
			path = SpotShield2;
			sourceTree = "<group>";
		};
		DCB3F5C82B65CDBA00A0150D /* Preview Content */ = {
			isa = PBXGroup;
			children = (
				DCB3F5C92B65CDBA00A0150D /* Preview Assets.xcassets */,
			);
			path = "Preview Content";
			sourceTree = "<group>";
		};
		DCB3F5D22B65CDBA00A0150D /* SpotShield2Tests */ = {
			isa = PBXGroup;
			children = (
				DCB3F5D32B65CDBA00A0150D /* SpotShield2Tests.swift */,
			);
			path = SpotShield2Tests;
			sourceTree = "<group>";
		};
		DCB3F5DC2B65CDBA00A0150D /* SpotShield2UITests */ = {
			isa = PBXGroup;
			children = (
				DCB3F5DD2B65CDBA00A0150D /* SpotShield2UITests.swift */,
				DCB3F5DF2B65CDBA00A0150D /* SpotShield2UITestsLaunchTests.swift */,
			);
			path = SpotShield2UITests;
			sourceTree = "<group>";
		};
/* End PBXGroup section */

/* Begin PBXNativeTarget section */
		DCB3F5BD2B65CDB900A0150D /* SpotShield2 */ = {
			isa = PBXNativeTarget;
			buildConfigurationList = DCB3F5E32B65CDBA00A0150D /* Build configuration list for PBXNativeTarget "SpotShield2" */;
			buildPhases = (
				DCB3F5BA2B65CDB900A0150D /* Sources */,
				DCB3F5BB2B65CDB900A0150D /* Frameworks */,
				DCB3F5BC2B65CDB900A0150D /* Resources */,
			);
			buildRules = (
			);
			dependencies = (
			);
			name = SpotShield2;
			productName = SpotShield2;
			productReference = DCB3F5BE2B65CDB900A0150D /* SpotShield2.app */;
			productType = "com.apple.product-type.application";
		};
		DCB3F5CE2B65CDBA00A0150D /* SpotShield2Tests */ = {
			isa = PBXNativeTarget;
			buildConfigurationList = DCB3F5E62B65CDBA00A0150D /* Build configuration list for PBXNativeTarget "SpotShield2Tests" */;
			buildPhases = (
				DCB3F5CB2B65CDBA00A0150D /* Sources */,
				DCB3F5CC2B65CDBA00A0150D /* Frameworks */,
				DCB3F5CD2B65CDBA00A0150D /* Resources */,
			);
			buildRules = (
			);
			dependencies = (
				DCB3F5D12B65CDBA00A0150D /* PBXTargetDependency */,
			);
			name = SpotShield2Tests;
			productName = SpotShield2Tests;
			productReference = DCB3F5CF2B65CDBA00A0150D /* SpotShield2Tests.xctest */;
			productType = "com.apple.product-type.bundle.unit-test";
		};
		DCB3F5D82B65CDBA00A0150D /* SpotShield2UITests */ = {
			isa = PBXNativeTarget;
			buildConfigurationList = DCB3F5E92B65CDBA00A0150D /* Build configuration list for PBXNativeTarget "SpotShield2UITests" */;
			buildPhases = (
				DCB3F5D52B65CDBA00A0150D /* Sources */,
				DCB3F5D62B65CDBA00A0150D /* Frameworks */,
				DCB3F5D72B65CDBA00A0150D /* Resources */,
			);
			buildRules = (
			);
			dependencies = (
				DCB3F5DB2B65CDBA00A0150D /* PBXTargetDependency */,
			);
			name = SpotShield2UITests;
			productName = SpotShield2UITests;
			productReference = DCB3F5D92B65CDBA00A0150D /* SpotShield2UITests.xctest */;
			productType = "com.apple.product-type.bundle.ui-testing";
		};
/* End PBXNativeTarget section */

/* Begin PBXProject section */
		DCB3F5B62B65CDB900A0150D /* Project object */ = {
			isa = PBXProject;
			attributes = {
				BuildIndependentTargetsInParallel = 1;
				LastSwiftUpdateCheck = 1430;
				LastUpgradeCheck = 1430;
				TargetAttributes = {
					DCB3F5BD2B65CDB900A0150D = {
						CreatedOnToolsVersion = 14.3.1;
					};
					DCB3F5CE2B65CDBA00A0150D = {
						CreatedOnToolsVersion = 14.3.1;
						TestTargetID = DCB3F5BD2B65CDB900A0150D;
					};
					DCB3F5D82B65CDBA00A0150D = {
						CreatedOnToolsVersion = 14.3.1;
						TestTargetID = DCB3F5BD2B65CDB900A0150D;
					};
				};
			};
			buildConfigurationList = DCB3F5B92B65CDB900A0150D /* Build configuration list for PBXProject "SpotShield2" */;
			compatibilityVersion = "Xcode 14.0";
			developmentRegion = en;
			hasScannedForEncodings = 0;
			knownRegions = (
				en,
				Base,
			);
			mainGroup = DCB3F5B52B65CDB900A0150D;
			productRefGroup = DCB3F5BF2B65CDB900A0150D /* Products */;
			projectDirPath = "";
			projectRoot = "";
			targets = (
				DCB3F5BD2B65CDB900A0150D /* SpotShield2 */,
				DCB3F5CE2B65CDBA00A0150D /* SpotShield2Tests */,
				DCB3F5D82B65CDBA00A0150D /* SpotShield2UITests */,
			);
		};
/* End PBXProject section */

/* Begin PBXResourcesBuildPhase section */
		DCB3F5BC2B65CDB900A0150D /* Resources */ = {
			isa = PBXResourcesBuildPhase;
			buildActionMask = 2147483647;
			files = (
				DCB3F5CA2B65CDBA00A0150D /* Preview Assets.xcassets in Resources */,
				DCB3F5C62B65CDBA00A0150D /* Assets.xcassets in Resources */,
			);
			runOnlyForDeploymentPostprocessing = 0;
		};
		DCB3F5CD2B65CDBA00A0150D /* Resources */ = {
			isa = PBXResourcesBuildPhase;
			buildActionMask = 2147483647;
			files = (
			);
			runOnlyForDeploymentPostprocessing = 0;
		};
		DCB3F5D72B65CDBA00A0150D /* Resources */ = {
			isa = PBXResourcesBuildPhase;
			buildActionMask = 2147483647;
			files = (
			);
			runOnlyForDeploymentPostprocessing = 0;
		};
/* End PBXResourcesBuildPhase section */

/* Begin PBXSourcesBuildPhase section */
		DCB3F5BA2B65CDB900A0150D /* Sources */ = {
			isa = PBXSourcesBuildPhase;
			buildActionMask = 2147483647;
			files = (
				DCB3F5C42B65CDB900A0150D /* ContentView.swift in Sources */,
				DCB3F5C22B65CDB900A0150D /* SpotShield2App.swift in Sources */,
			);
			runOnlyForDeploymentPostprocessing = 0;
		};
		DCB3F5CB2B65CDBA00A0150D /* Sources */ = {
			isa = PBXSourcesBuildPhase;
			buildActionMask = 2147483647;
			files = (
				DCB3F5D42B65CDBA00A0150D /* SpotShield2Tests.swift in Sources */,
			);
			runOnlyForDeploymentPostprocessing = 0;
		};
		DCB3F5D52B65CDBA00A0150D /* Sources */ = {
			isa = PBXSourcesBuildPhase;
			buildActionMask = 2147483647;
			files = (
				DCB3F5E02B65CDBA00A0150D /* SpotShield2UITestsLaunchTests.swift in Sources */,
				DCB3F5DE2B65CDBA00A0150D /* SpotShield2UITests.swift in Sources */,
			);
			runOnlyForDeploymentPostprocessing = 0;
		};
/* End PBXSourcesBuildPhase section */

/* Begin PBXTargetDependency section */
		DCB3F5D12B65CDBA00A0150D /* PBXTargetDependency */ = {
			isa = PBXTargetDependency;
			target = DCB3F5BD2B65CDB900A0150D /* SpotShield2 */;
			targetProxy = DCB3F5D02B65CDBA00A0150D /* PBXContainerItemProxy */;
		};
		DCB3F5DB2B65CDBA00A0150D /* PBXTargetDependency */ = {
			isa = PBXTargetDependency;
			target = DCB3F5BD2B65CDB900A0150D /* SpotShield2 */;
			targetProxy = DCB3F5DA2B65CDBA00A0150D /* PBXContainerItemProxy */;
		};
/* End PBXTargetDependency section */

/* Begin XCBuildConfiguration section */
		DCB3F5E12B65CDBA00A0150D /* Debug */ = {
			isa = XCBuildConfiguration;
			buildSettings = {
				ALWAYS_SEARCH_USER_PATHS = NO;
				CLANG_ANALYZER_NONNULL = YES;
				CLANG_ANALYZER_NUMBER_OBJECT_CONVERSION = YES_AGGRESSIVE;
				CLANG_CXX_LANGUAGE_STANDARD = "gnu++20";
				CLANG_ENABLE_MODULES = YES;
				CLANG_ENABLE_OBJC_ARC = YES;
				CLANG_ENABLE_OBJC_WEAK = YES;
				CLANG_WARN_BLOCK_CAPTURE_AUTORELEASING = YES;
				CLANG_WARN_BOOL_CONVERSION = YES;
				CLANG_WARN_COMMA = YES;
				CLANG_WARN_CONSTANT_CONVERSION = YES;
				CLANG_WARN_DEPRECATED_OBJC_IMPLEMENTATIONS = YES;
				CLANG_WARN_DIRECT_OBJC_ISA_USAGE = YES_ERROR;
				CLANG_WARN_DOCUMENTATION_COMMENTS = YES;
				CLANG_WARN_EMPTY_BODY = YES;
				CLANG_WARN_ENUM_CONVERSION = YES;
				CLANG_WARN_INFINITE_RECURSION = YES;
				CLANG_WARN_INT_CONVERSION = YES;
				CLANG_WARN_NON_LITERAL_NULL_CONVERSION = YES;
				CLANG_WARN_OBJC_IMPLICIT_RETAIN_SELF = YES;
				CLANG_WARN_OBJC_LITERAL_CONVERSION = YES;
				CLANG_WARN_OBJC_ROOT_CLASS = YES_ERROR;
				CLANG_WARN_QUOTED_INCLUDE_IN_FRAMEWORK_HEADER = YES;
				CLANG_WARN_RANGE_LOOP_ANALYSIS = YES;
				CLANG_WARN_STRICT_PROTOTYPES = YES;
				CLANG_WARN_SUSPICIOUS_MOVE = YES;
				CLANG_WARN_UNGUARDED_AVAILABILITY = YES_AGGRESSIVE;
				CLANG_WARN_UNREACHABLE_CODE = YES;
				CLANG_WARN__DUPLICATE_METHOD_MATCH = YES;
				COPY_PHASE_STRIP = NO;
				DEBUG_INFORMATION_FORMAT = dwarf;
				ENABLE_STRICT_OBJC_MSGSEND = YES;
				ENABLE_TESTABILITY = YES;
				GCC_C_LANGUAGE_STANDARD = gnu11;
				GCC_DYNAMIC_NO_PIC = NO;
				GCC_NO_COMMON_BLOCKS = YES;
				GCC_OPTIMIZATION_LEVEL = 0;
				GCC_PREPROCESSOR_DEFINITIONS = (
					"DEBUG=1",
					"$(inherited)",
				);
				GCC_WARN_64_TO_32_BIT_CONVERSION = YES;
				GCC_WARN_ABOUT_RETURN_TYPE = YES_ERROR;
				GCC_WARN_UNDECLARED_SELECTOR = YES;
				GCC_WARN_UNINITIALIZED_AUTOS = YES_AGGRESSIVE;
				GCC_WARN_UNUSED_FUNCTION = YES;
				GCC_WARN_UNUSED_VARIABLE = YES;
				MTL_ENABLE_DEBUG_INFO = INCLUDE_SOURCE;
				MTL_FAST_MATH = YES;
				ONLY_ACTIVE_ARCH = YES;
				SWIFT_ACTIVE_COMPILATION_CONDITIONS = DEBUG;
				SWIFT_OPTIMIZATION_LEVEL = "-Onone";
			};
			name = Debug;
		};
		DCB3F5E22B65CDBA00A0150D /* Release */ = {
			isa = XCBuildConfiguration;
			buildSettings = {
				ALWAYS_SEARCH_USER_PATHS = NO;
				CLANG_ANALYZER_NONNULL = YES;
				CLANG_ANALYZER_NUMBER_OBJECT_CONVERSION = YES_AGGRESSIVE;
				CLANG_CXX_LANGUAGE_STANDARD = "gnu++20";
				CLANG_ENABLE_MODULES = YES;
				CLANG_ENABLE_OBJC_ARC = YES;
				CLANG_ENABLE_OBJC_WEAK = YES;
				CLANG_WARN_BLOCK_CAPTURE_AUTORELEASING = YES;
				CLANG_WARN_BOOL_CONVERSION = YES;
				CLANG_WARN_COMMA = YES;
				CLANG_WARN_CONSTANT_CONVERSION = YES;
				CLANG_WARN_DEPRECATED_OBJC_IMPLEMENTATIONS = YES;
				CLANG_WARN_DIRECT_OBJC_ISA_USAGE = YES_ERROR;
				CLANG_WARN_DOCUMENTATION_COMMENTS = YES;
				CLANG_WARN_EMPTY_BODY = YES;
				CLANG_WARN_ENUM_CONVERSION = YES;
				CLANG_WARN_INFINITE_RECURSION = YES;
				CLANG_WARN_INT_CONVERSION = YES;
				CLANG_WARN_NON_LITERAL_NULL_CONVERSION = YES;
				CLANG_WARN_OBJC_IMPLICIT_RETAIN_SELF = YES;
				CLANG_WARN_OBJC_LITERAL_CONVERSION = YES;
				CLANG_WARN_OBJC_ROOT_CLASS = YES_ERROR;
				CLANG_WARN_QUOTED_INCLUDE_IN_FRAMEWORK_HEADER = YES;
				CLANG_WARN_RANGE_LOOP_ANALYSIS = YES;
				CLANG_WARN_STRICT_PROTOTYPES = YES;
				CLANG_WARN_SUSPICIOUS_MOVE = YES;
				CLANG_WARN_UNGUARDED_AVAILABILITY = YES_AGGRESSIVE;
				CLANG_WARN_UNREACHABLE_CODE = YES;
				CLANG_WARN__DUPLICATE_METHOD_MATCH = YES;
				COPY_PHASE_STRIP = NO;
				DEBUG_INFORMATION_FORMAT = "dwarf-with-dsym";
				ENABLE_NS_ASSERTIONS = NO;
				ENABLE_STRICT_OBJC_MSGSEND = YES;
				GCC_C_LANGUAGE_STANDARD = gnu11;
				GCC_NO_COMMON_BLOCKS = YES;
				GCC_WARN_64_TO_32_BIT_CONVERSION = YES;
				GCC_WARN_ABOUT_RETURN_TYPE = YES_ERROR;
				GCC_WARN_UNDECLARED_SELECTOR = YES;
				GCC_WARN_UNINITIALIZED_AUTOS = YES_AGGRESSIVE;
				GCC_WARN_UNUSED_FUNCTION = YES;
				GCC_WARN_UNUSED_VARIABLE = YES;
				MTL_ENABLE_DEBUG_INFO = NO;
				MTL_FAST_MATH = YES;
				SWIFT_COMPILATION_MODE = wholemodule;
				SWIFT_OPTIMIZATION_LEVEL = "-O";
			};
			name = Release;
		};
		DCB3F5E42B65CDBA00A0150D /* Debug */ = {
			isa = XCBuildConfiguration;
			buildSettings = {
				ASSETCATALOG_COMPILER_APPICON_NAME = AppIcon;
				ASSETCATALOG_COMPILER_GLOBAL_ACCENT_COLOR_NAME = AccentColor;
				CODE_SIGN_ENTITLEMENTS = SpotShield2/SpotShield2.entitlements;
				CODE_SIGN_STYLE = Automatic;
				CURRENT_PROJECT_VERSION = 1;
				DEVELOPMENT_ASSET_PATHS = "\"SpotShield2/Preview Content\"";
				ENABLE_PREVIEWS = YES;
				GENERATE_INFOPLIST_FILE = YES;
				"INFOPLIST_KEY_UIApplicationSceneManifest_Generation[sdk=iphoneos*]" = YES;
				"INFOPLIST_KEY_UIApplicationSceneManifest_Generation[sdk=iphonesimulator*]" = YES;
				"INFOPLIST_KEY_UIApplicationSupportsIndirectInputEvents[sdk=iphoneos*]" = YES;
				"INFOPLIST_KEY_UIApplicationSupportsIndirectInputEvents[sdk=iphonesimulator*]" = YES;
				"INFOPLIST_KEY_UILaunchScreen_Generation[sdk=iphoneos*]" = YES;
				"INFOPLIST_KEY_UILaunchScreen_Generation[sdk=iphonesimulator*]" = YES;
				"INFOPLIST_KEY_UIStatusBarStyle[sdk=iphoneos*]" = UIStatusBarStyleDefault;
				"INFOPLIST_KEY_UIStatusBarStyle[sdk=iphonesimulator*]" = UIStatusBarStyleDefault;
				INFOPLIST_KEY_UISupportedInterfaceOrientations_iPad = "UIInterfaceOrientationPortrait UIInterfaceOrientationPortraitUpsideDown UIInterfaceOrientationLandscapeLeft UIInterfaceOrientationLandscapeRight";
				INFOPLIST_KEY_UISupportedInterfaceOrientations_iPhone = "UIInterfaceOrientationPortrait UIInterfaceOrientationLandscapeLeft UIInterfaceOrientationLandscapeRight";
				IPHONEOS_DEPLOYMENT_TARGET = 16.4;
				LD_RUNPATH_SEARCH_PATHS = "@executable_path/Frameworks";
				"LD_RUNPATH_SEARCH_PATHS[sdk=macosx*]" = "@executable_path/../Frameworks";
				MACOSX_DEPLOYMENT_TARGET = 13.2;
				MARKETING_VERSION = 1.0;
				PRODUCT_BUNDLE_IDENTIFIER = "SpartaHack-9.SpotShield2";
				PRODUCT_NAME = "$(TARGET_NAME)";
				SDKROOT = auto;
				SUPPORTED_PLATFORMS = "iphoneos iphonesimulator macosx";
				SWIFT_EMIT_LOC_STRINGS = YES;
				SWIFT_VERSION = 5.0;
				TARGETED_DEVICE_FAMILY = "1,2";
			};
			name = Debug;
		};
		DCB3F5E52B65CDBA00A0150D /* Release */ = {
			isa = XCBuildConfiguration;
			buildSettings = {
				ASSETCATALOG_COMPILER_APPICON_NAME = AppIcon;
				ASSETCATALOG_COMPILER_GLOBAL_ACCENT_COLOR_NAME = AccentColor;
				CODE_SIGN_ENTITLEMENTS = SpotShield2/SpotShield2.entitlements;
				CODE_SIGN_STYLE = Automatic;
				CURRENT_PROJECT_VERSION = 1;
				DEVELOPMENT_ASSET_PATHS = "\"SpotShield2/Preview Content\"";
				ENABLE_PREVIEWS = YES;
				GENERATE_INFOPLIST_FILE = YES;
				"INFOPLIST_KEY_UIApplicationSceneManifest_Generation[sdk=iphoneos*]" = YES;
				"INFOPLIST_KEY_UIApplicationSceneManifest_Generation[sdk=iphonesimulator*]" = YES;
				"INFOPLIST_KEY_UIApplicationSupportsIndirectInputEvents[sdk=iphoneos*]" = YES;
				"INFOPLIST_KEY_UIApplicationSupportsIndirectInputEvents[sdk=iphonesimulator*]" = YES;
				"INFOPLIST_KEY_UILaunchScreen_Generation[sdk=iphoneos*]" = YES;
				"INFOPLIST_KEY_UILaunchScreen_Generation[sdk=iphonesimulator*]" = YES;
				"INFOPLIST_KEY_UIStatusBarStyle[sdk=iphoneos*]" = UIStatusBarStyleDefault;
				"INFOPLIST_KEY_UIStatusBarStyle[sdk=iphonesimulator*]" = UIStatusBarStyleDefault;
				INFOPLIST_KEY_UISupportedInterfaceOrientations_iPad = "UIInterfaceOrientationPortrait UIInterfaceOrientationPortraitUpsideDown UIInterfaceOrientationLandscapeLeft UIInterfaceOrientationLandscapeRight";
				INFOPLIST_KEY_UISupportedInterfaceOrientations_iPhone = "UIInterfaceOrientationPortrait UIInterfaceOrientationLandscapeLeft UIInterfaceOrientationLandscapeRight";
				IPHONEOS_DEPLOYMENT_TARGET = 16.4;
				LD_RUNPATH_SEARCH_PATHS = "@executable_path/Frameworks";
				"LD_RUNPATH_SEARCH_PATHS[sdk=macosx*]" = "@executable_path/../Frameworks";
				MACOSX_DEPLOYMENT_TARGET = 13.2;
				MARKETING_VERSION = 1.0;
				PRODUCT_BUNDLE_IDENTIFIER = "SpartaHack-9.SpotShield2";
				PRODUCT_NAME = "$(TARGET_NAME)";
				SDKROOT = auto;
				SUPPORTED_PLATFORMS = "iphoneos iphonesimulator macosx";
				SWIFT_EMIT_LOC_STRINGS = YES;
				SWIFT_VERSION = 5.0;
				TARGETED_DEVICE_FAMILY = "1,2";
			};
			name = Release;
		};
		DCB3F5E72B65CDBA00A0150D /* Debug */ = {
			isa = XCBuildConfiguration;
			buildSettings = {
				ALWAYS_EMBED_SWIFT_STANDARD_LIBRARIES = YES;
				BUNDLE_LOADER = "$(TEST_HOST)";
				CODE_SIGN_STYLE = Automatic;
				CURRENT_PROJECT_VERSION = 1;
				GENERATE_INFOPLIST_FILE = YES;
				IPHONEOS_DEPLOYMENT_TARGET = 16.4;
				MACOSX_DEPLOYMENT_TARGET = 13.2;
				MARKETING_VERSION = 1.0;
				PRODUCT_BUNDLE_IDENTIFIER = "SpartaHack-9.SpotShield2Tests";
				PRODUCT_NAME = "$(TARGET_NAME)";
				SDKROOT = auto;
				SUPPORTED_PLATFORMS = "iphoneos iphonesimulator macosx";
				SWIFT_EMIT_LOC_STRINGS = NO;
				SWIFT_VERSION = 5.0;
				TARGETED_DEVICE_FAMILY = "1,2";
				TEST_HOST = "$(BUILT_PRODUCTS_DIR)/SpotShield2.app/$(BUNDLE_EXECUTABLE_FOLDER_PATH)/SpotShield2";
			};
			name = Debug;
		};
		DCB3F5E82B65CDBA00A0150D /* Release */ = {
			isa = XCBuildConfiguration;
			buildSettings = {
				ALWAYS_EMBED_SWIFT_STANDARD_LIBRARIES = YES;
				BUNDLE_LOADER = "$(TEST_HOST)";
				CODE_SIGN_STYLE = Automatic;
				CURRENT_PROJECT_VERSION = 1;
				GENERATE_INFOPLIST_FILE = YES;
				IPHONEOS_DEPLOYMENT_TARGET = 16.4;
				MACOSX_DEPLOYMENT_TARGET = 13.2;
				MARKETING_VERSION = 1.0;
				PRODUCT_BUNDLE_IDENTIFIER = "SpartaHack-9.SpotShield2Tests";
				PRODUCT_NAME = "$(TARGET_NAME)";
				SDKROOT = auto;
				SUPPORTED_PLATFORMS = "iphoneos iphonesimulator macosx";
				SWIFT_EMIT_LOC_STRINGS = NO;
				SWIFT_VERSION = 5.0;
				TARGETED_DEVICE_FAMILY = "1,2";
				TEST_HOST = "$(BUILT_PRODUCTS_DIR)/SpotShield2.app/$(BUNDLE_EXECUTABLE_FOLDER_PATH)/SpotShield2";
			};
			name = Release;
		};
		DCB3F5EA2B65CDBA00A0150D /* Debug */ = {
			isa = XCBuildConfiguration;
			buildSettings = {
				ALWAYS_EMBED_SWIFT_STANDARD_LIBRARIES = YES;
				CODE_SIGN_STYLE = Automatic;
				CURRENT_PROJECT_VERSION = 1;
				GENERATE_INFOPLIST_FILE = YES;
				IPHONEOS_DEPLOYMENT_TARGET = 16.4;
				MACOSX_DEPLOYMENT_TARGET = 13.2;
				MARKETING_VERSION = 1.0;
				PRODUCT_BUNDLE_IDENTIFIER = "SpartaHack-9.SpotShield2UITests";
				PRODUCT_NAME = "$(TARGET_NAME)";
				SDKROOT = auto;
				SUPPORTED_PLATFORMS = "iphoneos iphonesimulator macosx";
				SWIFT_EMIT_LOC_STRINGS = NO;
				SWIFT_VERSION = 5.0;
				TARGETED_DEVICE_FAMILY = "1,2";
				TEST_TARGET_NAME = SpotShield2;
			};
			name = Debug;
		};
		DCB3F5EB2B65CDBA00A0150D /* Release */ = {
			isa = XCBuildConfiguration;
			buildSettings = {
				ALWAYS_EMBED_SWIFT_STANDARD_LIBRARIES = YES;
				CODE_SIGN_STYLE = Automatic;
				CURRENT_PROJECT_VERSION = 1;
				GENERATE_INFOPLIST_FILE = YES;
				IPHONEOS_DEPLOYMENT_TARGET = 16.4;
				MACOSX_DEPLOYMENT_TARGET = 13.2;
				MARKETING_VERSION = 1.0;
				PRODUCT_BUNDLE_IDENTIFIER = "SpartaHack-9.SpotShield2UITests";
				PRODUCT_NAME = "$(TARGET_NAME)";
				SDKROOT = auto;
				SUPPORTED_PLATFORMS = "iphoneos iphonesimulator macosx";
				SWIFT_EMIT_LOC_STRINGS = NO;
				SWIFT_VERSION = 5.0;
				TARGETED_DEVICE_FAMILY = "1,2";
				TEST_TARGET_NAME = SpotShield2;
			};
			name = Release;
		};
/* End XCBuildConfiguration section */

/* Begin XCConfigurationList section */
		DCB3F5B92B65CDB900A0150D /* Build configuration list for PBXProject "SpotShield2" */ = {
			isa = XCConfigurationList;
			buildConfigurations = (
				DCB3F5E12B65CDBA00A0150D /* Debug */,
				DCB3F5E22B65CDBA00A0150D /* Release */,
			);
			defaultConfigurationIsVisible = 0;
			defaultConfigurationName = Release;
		};
		DCB3F5E32B65CDBA00A0150D /* Build configuration list for PBXNativeTarget "SpotShield2" */ = {
			isa = XCConfigurationList;
			buildConfigurations = (
				DCB3F5E42B65CDBA00A0150D /* Debug */,
				DCB3F5E52B65CDBA00A0150D /* Release */,
			);
			defaultConfigurationIsVisible = 0;
			defaultConfigurationName = Release;
		};
		DCB3F5E62B65CDBA00A0150D /* Build configuration list for PBXNativeTarget "SpotShield2Tests" */ = {
			isa = XCConfigurationList;
			buildConfigurations = (
				DCB3F5E72B65CDBA00A0150D /* Debug */,
				DCB3F5E82B65CDBA00A0150D /* Release */,
			);
			defaultConfigurationIsVisible = 0;
			defaultConfigurationName = Release;
		};
		DCB3F5E92B65CDBA00A0150D /* Build configuration list for PBXNativeTarget "SpotShield2UITests" */ = {
			isa = XCConfigurationList;
			buildConfigurations = (
				DCB3F5EA2B65CDBA00A0150D /* Debug */,
				DCB3F5EB2B65CDBA00A0150D /* Release */,
			);
			defaultConfigurationIsVisible = 0;
			defaultConfigurationName = Release;
		};
/* End XCConfigurationList section */
	};
	rootObject = DCB3F5B62B65CDB900A0150D /* Project object */;
}
